// !$*UTF8*$!
{
	archiveVersion = 1;
	classes = {
	};
	objectVersion = 56;
	objects = {

/* Begin PBXBuildFile section */
		9F1C6CB329E488A200757E86 /* LoginView.swift in Sources */ = {isa = PBXBuildFile; fileRef = 9F1C6CB229E488A200757E86 /* LoginView.swift */; };
		9F1C6CB529E488B400757E86 /* RegistrationView.swift in Sources */ = {isa = PBXBuildFile; fileRef = 9F1C6CB429E488B400757E86 /* RegistrationView.swift */; };
		9F1C6CB729E488C500757E86 /* ResetPasswordView.swift in Sources */ = {isa = PBXBuildFile; fileRef = 9F1C6CB629E488C500757E86 /* ResetPasswordView.swift */; };
		9F1C6CB929E48F8800757E86 /* CustomTextField.swift in Sources */ = {isa = PBXBuildFile; fileRef = 9F1C6CB829E48F8800757E86 /* CustomTextField.swift */; };
		9F1C6CBB29E48FA400757E86 /* CustomSecureField.swift in Sources */ = {isa = PBXBuildFile; fileRef = 9F1C6CBA29E48FA400757E86 /* CustomSecureField.swift */; };
		9F262E6829E0FE9E00072C12 /* UserStackView.swift in Sources */ = {isa = PBXBuildFile; fileRef = 9F262E6729E0FE9E00072C12 /* UserStackView.swift */; };
		9F262E6A29E1074200072C12 /* ProfileActionButtonView.swift in Sources */ = {isa = PBXBuildFile; fileRef = 9F262E6929E1074200072C12 /* ProfileActionButtonView.swift */; };
		9F262E6C29E10F3A00072C12 /* ImagePicker.swift in Sources */ = {isa = PBXBuildFile; fileRef = 9F262E6B29E10F3A00072C12 /* ImagePicker.swift */; };
		9F56454829E0E42000D3A3B0 /* NotificationCell.swift in Sources */ = {isa = PBXBuildFile; fileRef = 9F56454729E0E42000D3A3B0 /* NotificationCell.swift */; };
		9F56454A29E0ED3600D3A3B0 /* ProfileHeaderView.swift in Sources */ = {isa = PBXBuildFile; fileRef = 9F56454929E0ED3600D3A3B0 /* ProfileHeaderView.swift */; };
		9F5BD9CF29E5C22D00165F82 /* FirebaseAuth in Frameworks */ = {isa = PBXBuildFile; productRef = 9F5BD9CE29E5C22D00165F82 /* FirebaseAuth */; };
		9F5BD9D129E5C22D00165F82 /* FirebaseFirestore in Frameworks */ = {isa = PBXBuildFile; productRef = 9F5BD9D029E5C22D00165F82 /* FirebaseFirestore */; };
		9F5BD9D329E5C22D00165F82 /* FirebaseFunctions in Frameworks */ = {isa = PBXBuildFile; productRef = 9F5BD9D229E5C22D00165F82 /* FirebaseFunctions */; };
		9F5BD9D529E5C22D00165F82 /* FirebaseMessaging in Frameworks */ = {isa = PBXBuildFile; productRef = 9F5BD9D429E5C22D00165F82 /* FirebaseMessaging */; };
		9F5BD9D729E5C22D00165F82 /* FirebaseStorage in Frameworks */ = {isa = PBXBuildFile; productRef = 9F5BD9D629E5C22D00165F82 /* FirebaseStorage */; };
		9F5BD9DB29E5C56800165F82 /* Kingfisher in Frameworks */ = {isa = PBXBuildFile; productRef = 9F5BD9DA29E5C56800165F82 /* Kingfisher */; };
		9F5BD9DD29E5C6C100165F82 /* GoogleService-Info.plist in Resources */ = {isa = PBXBuildFile; fileRef = 9F5BD9DC29E5C6C100165F82 /* GoogleService-Info.plist */; };
		9F6004FF29F6B91500D1504E /* AuthViewModel.swift in Sources */ = {isa = PBXBuildFile; fileRef = 9F6004FE29F6B91500D1504E /* AuthViewModel.swift */; };
		9F60050129F6E40900D1504E /* ImageUploader.swift in Sources */ = {isa = PBXBuildFile; fileRef = 9F60050029F6E40900D1504E /* ImageUploader.swift */; };
		9F7EAC4E29E08DCA0067A47F /* InstagramSwiftUIApp.swift in Sources */ = {isa = PBXBuildFile; fileRef = 9F7EAC4D29E08DCA0067A47F /* InstagramSwiftUIApp.swift */; };
		9F7EAC5229E08DCD0067A47F /* Assets.xcassets in Resources */ = {isa = PBXBuildFile; fileRef = 9F7EAC5129E08DCD0067A47F /* Assets.xcassets */; };
		9F7EAC5529E08DCD0067A47F /* Preview Assets.xcassets in Resources */ = {isa = PBXBuildFile; fileRef = 9F7EAC5429E08DCD0067A47F /* Preview Assets.xcassets */; };
		9F7EAC6329E08F6C0067A47F /* ContentView.swift in Sources */ = {isa = PBXBuildFile; fileRef = 9F7EAC6229E08F6C0067A47F /* ContentView.swift */; };
		9F7EAC7129E090DD0067A47F /* MainTabView.swift in Sources */ = {isa = PBXBuildFile; fileRef = 9F7EAC7029E090DD0067A47F /* MainTabView.swift */; };
		9F7EAC7329E095EE0067A47F /* FeedView.swift in Sources */ = {isa = PBXBuildFile; fileRef = 9F7EAC7229E095EE0067A47F /* FeedView.swift */; };
		9F7EAC7529E0961F0067A47F /* ProfileView.swift in Sources */ = {isa = PBXBuildFile; fileRef = 9F7EAC7429E0961F0067A47F /* ProfileView.swift */; };
		9F7EAC7729E096320067A47F /* NotificationsView.swift in Sources */ = {isa = PBXBuildFile; fileRef = 9F7EAC7629E096320067A47F /* NotificationsView.swift */; };
		9F7EAC7929E0963E0067A47F /* SearchView.swift in Sources */ = {isa = PBXBuildFile; fileRef = 9F7EAC7829E0963E0067A47F /* SearchView.swift */; };
		9F7EAC7B29E0966D0067A47F /* UploadPostView.swift in Sources */ = {isa = PBXBuildFile; fileRef = 9F7EAC7A29E0966D0067A47F /* UploadPostView.swift */; };
		9F7EAC7D29E09D140067A47F /* FeedCell.swift in Sources */ = {isa = PBXBuildFile; fileRef = 9F7EAC7C29E09D140067A47F /* FeedCell.swift */; };
		9F7EAC7F29E0B2F70067A47F /* SearchBar.swift in Sources */ = {isa = PBXBuildFile; fileRef = 9F7EAC7E29E0B2F70067A47F /* SearchBar.swift */; };
		9F7EAC8129E0B55C0067A47F /* PostGridView.swift in Sources */ = {isa = PBXBuildFile; fileRef = 9F7EAC8029E0B55C0067A47F /* PostGridView.swift */; };
		9F7EAC8329E0B7270067A47F /* UserCell.swift in Sources */ = {isa = PBXBuildFile; fileRef = 9F7EAC8229E0B7270067A47F /* UserCell.swift */; };
		9F7EAC8529E0B7330067A47F /* UserListView.swift in Sources */ = {isa = PBXBuildFile; fileRef = 9F7EAC8429E0B7330067A47F /* UserListView.swift */; };
		9F7EAC8729E0C94A0067A47F /* Extensions.swift in Sources */ = {isa = PBXBuildFile; fileRef = 9F7EAC8629E0C94A0067A47F /* Extensions.swift */; };
/* End PBXBuildFile section */

/* Begin PBXFileReference section */
		9F1C6CB229E488A200757E86 /* LoginView.swift */ = {isa = PBXFileReference; lastKnownFileType = sourcecode.swift; path = LoginView.swift; sourceTree = "<group>"; };
		9F1C6CB429E488B400757E86 /* RegistrationView.swift */ = {isa = PBXFileReference; lastKnownFileType = sourcecode.swift; path = RegistrationView.swift; sourceTree = "<group>"; };
		9F1C6CB629E488C500757E86 /* ResetPasswordView.swift */ = {isa = PBXFileReference; lastKnownFileType = sourcecode.swift; path = ResetPasswordView.swift; sourceTree = "<group>"; };
		9F1C6CB829E48F8800757E86 /* CustomTextField.swift */ = {isa = PBXFileReference; lastKnownFileType = sourcecode.swift; path = CustomTextField.swift; sourceTree = "<group>"; };
		9F1C6CBA29E48FA400757E86 /* CustomSecureField.swift */ = {isa = PBXFileReference; lastKnownFileType = sourcecode.swift; path = CustomSecureField.swift; sourceTree = "<group>"; };
		9F262E6729E0FE9E00072C12 /* UserStackView.swift */ = {isa = PBXFileReference; lastKnownFileType = sourcecode.swift; path = UserStackView.swift; sourceTree = "<group>"; };
		9F262E6929E1074200072C12 /* ProfileActionButtonView.swift */ = {isa = PBXFileReference; lastKnownFileType = sourcecode.swift; path = ProfileActionButtonView.swift; sourceTree = "<group>"; };
		9F262E6B29E10F3A00072C12 /* ImagePicker.swift */ = {isa = PBXFileReference; lastKnownFileType = sourcecode.swift; path = ImagePicker.swift; sourceTree = "<group>"; };
		9F56454729E0E42000D3A3B0 /* NotificationCell.swift */ = {isa = PBXFileReference; lastKnownFileType = sourcecode.swift; path = NotificationCell.swift; sourceTree = "<group>"; };
		9F56454929E0ED3600D3A3B0 /* ProfileHeaderView.swift */ = {isa = PBXFileReference; lastKnownFileType = sourcecode.swift; path = ProfileHeaderView.swift; sourceTree = "<group>"; };
		9F5BD9DC29E5C6C100165F82 /* GoogleService-Info.plist */ = {isa = PBXFileReference; fileEncoding = 4; lastKnownFileType = text.plist.xml; path = "GoogleService-Info.plist"; sourceTree = "<group>"; };
		9F6004FE29F6B91500D1504E /* AuthViewModel.swift */ = {isa = PBXFileReference; lastKnownFileType = sourcecode.swift; path = AuthViewModel.swift; sourceTree = "<group>"; };
		9F60050029F6E40900D1504E /* ImageUploader.swift */ = {isa = PBXFileReference; lastKnownFileType = sourcecode.swift; path = ImageUploader.swift; sourceTree = "<group>"; };
		9F7EAC4A29E08DCA0067A47F /* InstagramSwiftUI.app */ = {isa = PBXFileReference; explicitFileType = wrapper.application; includeInIndex = 0; path = InstagramSwiftUI.app; sourceTree = BUILT_PRODUCTS_DIR; };
		9F7EAC4D29E08DCA0067A47F /* InstagramSwiftUIApp.swift */ = {isa = PBXFileReference; lastKnownFileType = sourcecode.swift; path = InstagramSwiftUIApp.swift; sourceTree = "<group>"; };
		9F7EAC5129E08DCD0067A47F /* Assets.xcassets */ = {isa = PBXFileReference; lastKnownFileType = folder.assetcatalog; path = Assets.xcassets; sourceTree = "<group>"; };
		9F7EAC5429E08DCD0067A47F /* Preview Assets.xcassets */ = {isa = PBXFileReference; lastKnownFileType = folder.assetcatalog; path = "Preview Assets.xcassets"; sourceTree = "<group>"; };
		9F7EAC6229E08F6C0067A47F /* ContentView.swift */ = {isa = PBXFileReference; lastKnownFileType = sourcecode.swift; path = ContentView.swift; sourceTree = "<group>"; };
		9F7EAC7029E090DD0067A47F /* MainTabView.swift */ = {isa = PBXFileReference; lastKnownFileType = sourcecode.swift; path = MainTabView.swift; sourceTree = "<group>"; };
		9F7EAC7229E095EE0067A47F /* FeedView.swift */ = {isa = PBXFileReference; lastKnownFileType = sourcecode.swift; path = FeedView.swift; sourceTree = "<group>"; };
		9F7EAC7429E0961F0067A47F /* ProfileView.swift */ = {isa = PBXFileReference; lastKnownFileType = sourcecode.swift; path = ProfileView.swift; sourceTree = "<group>"; };
		9F7EAC7629E096320067A47F /* NotificationsView.swift */ = {isa = PBXFileReference; lastKnownFileType = sourcecode.swift; path = NotificationsView.swift; sourceTree = "<group>"; };
		9F7EAC7829E0963E0067A47F /* SearchView.swift */ = {isa = PBXFileReference; lastKnownFileType = sourcecode.swift; path = SearchView.swift; sourceTree = "<group>"; };
		9F7EAC7A29E0966D0067A47F /* UploadPostView.swift */ = {isa = PBXFileReference; lastKnownFileType = sourcecode.swift; path = UploadPostView.swift; sourceTree = "<group>"; };
		9F7EAC7C29E09D140067A47F /* FeedCell.swift */ = {isa = PBXFileReference; lastKnownFileType = sourcecode.swift; path = FeedCell.swift; sourceTree = "<group>"; };
		9F7EAC7E29E0B2F70067A47F /* SearchBar.swift */ = {isa = PBXFileReference; lastKnownFileType = sourcecode.swift; path = SearchBar.swift; sourceTree = "<group>"; };
		9F7EAC8029E0B55C0067A47F /* PostGridView.swift */ = {isa = PBXFileReference; lastKnownFileType = sourcecode.swift; path = PostGridView.swift; sourceTree = "<group>"; };
		9F7EAC8229E0B7270067A47F /* UserCell.swift */ = {isa = PBXFileReference; lastKnownFileType = sourcecode.swift; path = UserCell.swift; sourceTree = "<group>"; };
		9F7EAC8429E0B7330067A47F /* UserListView.swift */ = {isa = PBXFileReference; lastKnownFileType = sourcecode.swift; path = UserListView.swift; sourceTree = "<group>"; };
		9F7EAC8629E0C94A0067A47F /* Extensions.swift */ = {isa = PBXFileReference; lastKnownFileType = sourcecode.swift; path = Extensions.swift; sourceTree = "<group>"; };
/* End PBXFileReference section */

/* Begin PBXFrameworksBuildPhase section */
		9F7EAC4729E08DCA0067A47F /* Frameworks */ = {
			isa = PBXFrameworksBuildPhase;
			buildActionMask = 2147483647;
			files = (
				9F5BD9DB29E5C56800165F82 /* Kingfisher in Frameworks */,
				9F5BD9D529E5C22D00165F82 /* FirebaseMessaging in Frameworks */,
				9F5BD9D329E5C22D00165F82 /* FirebaseFunctions in Frameworks */,
				9F5BD9CF29E5C22D00165F82 /* FirebaseAuth in Frameworks */,
				9F5BD9D729E5C22D00165F82 /* FirebaseStorage in Frameworks */,
				9F5BD9D129E5C22D00165F82 /* FirebaseFirestore in Frameworks */,
			);
			runOnlyForDeploymentPostprocessing = 0;
		};
/* End PBXFrameworksBuildPhase section */

/* Begin PBXGroup section */
		9F5BD9D929E5C56800165F82 /* Frameworks */ = {
			isa = PBXGroup;
			children = (
			);
			name = Frameworks;
			sourceTree = "<group>";
		};
		9F7EAC4129E08DCA0067A47F = {
			isa = PBXGroup;
			children = (
				9F7EAC4C29E08DCA0067A47F /* InstagramSwiftUI */,
				9F7EAC4B29E08DCA0067A47F /* Products */,
				9F5BD9D929E5C56800165F82 /* Frameworks */,
			);
			sourceTree = "<group>";
		};
		9F7EAC4B29E08DCA0067A47F /* Products */ = {
			isa = PBXGroup;
			children = (
				9F7EAC4A29E08DCA0067A47F /* InstagramSwiftUI.app */,
			);
			name = Products;
			sourceTree = "<group>";
		};
		9F7EAC4C29E08DCA0067A47F /* InstagramSwiftUI */ = {
			isa = PBXGroup;
			children = (
				9F7EAC5F29E08EA60067A47F /* Model */,
				9F7EAC5E29E08EA40067A47F /* View */,
				9F7EAC5D29E08EA10067A47F /* ViewModel */,
				9F7EAC5C29E08E9E0067A47F /* API */,
				9F7EAC5B29E08E920067A47F /* Utils */,
				9F7EAC4D29E08DCA0067A47F /* InstagramSwiftUIApp.swift */,
				9F7EAC5129E08DCD0067A47F /* Assets.xcassets */,
				9F5BD9DC29E5C6C100165F82 /* GoogleService-Info.plist */,
				9F7EAC5329E08DCD0067A47F /* Preview Content */,
			);
			path = InstagramSwiftUI;
			sourceTree = "<group>";
		};
		9F7EAC5329E08DCD0067A47F /* Preview Content */ = {
			isa = PBXGroup;
			children = (
				9F7EAC5429E08DCD0067A47F /* Preview Assets.xcassets */,
			);
			path = "Preview Content";
			sourceTree = "<group>";
		};
		9F7EAC5B29E08E920067A47F /* Utils */ = {
			isa = PBXGroup;
			children = (
				9F7EAC8629E0C94A0067A47F /* Extensions.swift */,
				9F262E6B29E10F3A00072C12 /* ImagePicker.swift */,
				9F1C6CB829E48F8800757E86 /* CustomTextField.swift */,
				9F1C6CBA29E48FA400757E86 /* CustomSecureField.swift */,
			);
			path = Utils;
			sourceTree = "<group>";
		};
		9F7EAC5C29E08E9E0067A47F /* API */ = {
			isa = PBXGroup;
			children = (
				9F60050029F6E40900D1504E /* ImageUploader.swift */,
			);
			path = API;
			sourceTree = "<group>";
		};
		9F7EAC5D29E08EA10067A47F /* ViewModel */ = {
			isa = PBXGroup;
			children = (
				9F7EAC6F29E090690067A47F /* Profile */,
				9F7EAC6E29E0905C0067A47F /* Authentication */,
				9F7EAC6D29E090520067A47F /* Notifications */,
				9F7EAC6C29E090470067A47F /* Feed */,
			);
			path = ViewModel;
			sourceTree = "<group>";
		};
		9F7EAC5E29E08EA40067A47F /* View */ = {
			isa = PBXGroup;
			children = (
				9F7EAC6B29E090030067A47F /* Items */,
				9F7EAC6A29E08FE50067A47F /* Authentication */,
				9F7EAC6929E08FD30067A47F /* Notifications */,
				9F7EAC6829E08FCD0067A47F /* Search */,
				9F7EAC6729E08FBC0067A47F /* Comments */,
				9F7EAC6529E08F990067A47F /* Feed */,
				9F7EAC6629E08FA60067A47F /* Profile */,
				9F7EAC6429E08F8B0067A47F /* UploadPost */,
				9F7EAC6129E08F460067A47F /* Main */,
			);
			path = View;
			sourceTree = "<group>";
		};
		9F7EAC5F29E08EA60067A47F /* Model */ = {
			isa = PBXGroup;
			children = (
			);
			path = Model;
			sourceTree = "<group>";
		};
		9F7EAC6129E08F460067A47F /* Main */ = {
			isa = PBXGroup;
			children = (
				9F7EAC6229E08F6C0067A47F /* ContentView.swift */,
				9F7EAC7029E090DD0067A47F /* MainTabView.swift */,
			);
			path = Main;
			sourceTree = "<group>";
		};
		9F7EAC6429E08F8B0067A47F /* UploadPost */ = {
			isa = PBXGroup;
			children = (
				9F7EAC7A29E0966D0067A47F /* UploadPostView.swift */,
			);
			path = UploadPost;
			sourceTree = "<group>";
		};
		9F7EAC6529E08F990067A47F /* Feed */ = {
			isa = PBXGroup;
			children = (
				9F7EAC7229E095EE0067A47F /* FeedView.swift */,
				9F7EAC7C29E09D140067A47F /* FeedCell.swift */,
			);
			path = Feed;
			sourceTree = "<group>";
		};
		9F7EAC6629E08FA60067A47F /* Profile */ = {
			isa = PBXGroup;
			children = (
				9F7EAC7429E0961F0067A47F /* ProfileView.swift */,
				9F56454929E0ED3600D3A3B0 /* ProfileHeaderView.swift */,
				9F262E6729E0FE9E00072C12 /* UserStackView.swift */,
				9F262E6929E1074200072C12 /* ProfileActionButtonView.swift */,
			);
			path = Profile;
			sourceTree = "<group>";
		};
		9F7EAC6729E08FBC0067A47F /* Comments */ = {
			isa = PBXGroup;
			children = (
			);
			path = Comments;
			sourceTree = "<group>";
		};
		9F7EAC6829E08FCD0067A47F /* Search */ = {
			isa = PBXGroup;
			children = (
				9F7EAC7829E0963E0067A47F /* SearchView.swift */,
				9F7EAC7E29E0B2F70067A47F /* SearchBar.swift */,
			);
			path = Search;
			sourceTree = "<group>";
		};
		9F7EAC6929E08FD30067A47F /* Notifications */ = {
			isa = PBXGroup;
			children = (
				9F7EAC7629E096320067A47F /* NotificationsView.swift */,
				9F56454729E0E42000D3A3B0 /* NotificationCell.swift */,
			);
			path = Notifications;
			sourceTree = "<group>";
		};
		9F7EAC6A29E08FE50067A47F /* Authentication */ = {
			isa = PBXGroup;
			children = (
				9F1C6CB229E488A200757E86 /* LoginView.swift */,
				9F1C6CB429E488B400757E86 /* RegistrationView.swift */,
				9F1C6CB629E488C500757E86 /* ResetPasswordView.swift */,
			);
			path = Authentication;
			sourceTree = "<group>";
		};
		9F7EAC6B29E090030067A47F /* Items */ = {
			isa = PBXGroup;
			children = (
				9F7EAC8029E0B55C0067A47F /* PostGridView.swift */,
				9F7EAC8229E0B7270067A47F /* UserCell.swift */,
				9F7EAC8429E0B7330067A47F /* UserListView.swift */,
			);
			path = Items;
			sourceTree = "<group>";
		};
		9F7EAC6C29E090470067A47F /* Feed */ = {
			isa = PBXGroup;
			children = (
			);
			path = Feed;
			sourceTree = "<group>";
		};
		9F7EAC6D29E090520067A47F /* Notifications */ = {
			isa = PBXGroup;
			children = (
			);
			path = Notifications;
			sourceTree = "<group>";
		};
		9F7EAC6E29E0905C0067A47F /* Authentication */ = {
			isa = PBXGroup;
			children = (
				9F6004FE29F6B91500D1504E /* AuthViewModel.swift */,
			);
			path = Authentication;
			sourceTree = "<group>";
		};
		9F7EAC6F29E090690067A47F /* Profile */ = {
			isa = PBXGroup;
			children = (
			);
			path = Profile;
			sourceTree = "<group>";
		};
/* End PBXGroup section */

/* Begin PBXNativeTarget section */
		9F7EAC4929E08DCA0067A47F /* InstagramSwiftUI */ = {
			isa = PBXNativeTarget;
			buildConfigurationList = 9F7EAC5829E08DCD0067A47F /* Build configuration list for PBXNativeTarget "InstagramSwiftUI" */;
			buildPhases = (
				9F7EAC4629E08DCA0067A47F /* Sources */,
				9F7EAC4729E08DCA0067A47F /* Frameworks */,
				9F7EAC4829E08DCA0067A47F /* Resources */,
			);
			buildRules = (
			);
			dependencies = (
			);
			name = InstagramSwiftUI;
			packageProductDependencies = (
				9F5BD9CE29E5C22D00165F82 /* FirebaseAuth */,
				9F5BD9D029E5C22D00165F82 /* FirebaseFirestore */,
				9F5BD9D229E5C22D00165F82 /* FirebaseFunctions */,
				9F5BD9D429E5C22D00165F82 /* FirebaseMessaging */,
				9F5BD9D629E5C22D00165F82 /* FirebaseStorage */,
				9F5BD9DA29E5C56800165F82 /* Kingfisher */,
			);
			productName = InstagramSwiftUI;
			productReference = 9F7EAC4A29E08DCA0067A47F /* InstagramSwiftUI.app */;
			productType = "com.apple.product-type.application";
		};
/* End PBXNativeTarget section */

/* Begin PBXProject section */
		9F7EAC4229E08DCA0067A47F /* Project object */ = {
			isa = PBXProject;
			attributes = {
				BuildIndependentTargetsInParallel = 1;
				LastSwiftUpdateCheck = 1420;
				LastUpgradeCheck = 1420;
				TargetAttributes = {
					9F7EAC4929E08DCA0067A47F = {
						CreatedOnToolsVersion = 14.2;
					};
				};
			};
			buildConfigurationList = 9F7EAC4529E08DCA0067A47F /* Build configuration list for PBXProject "InstagramSwiftUI" */;
			compatibilityVersion = "Xcode 14.0";
			developmentRegion = en;
			hasScannedForEncodings = 0;
			knownRegions = (
				en,
				Base,
			);
			mainGroup = 9F7EAC4129E08DCA0067A47F;
			packageReferences = (
				9F5BD9CD29E5C22D00165F82 /* XCRemoteSwiftPackageReference "firebase-ios-sdk" */,
				9F5BD9D829E5C40400165F82 /* XCRemoteSwiftPackageReference "Kingfisher" */,
			);
			productRefGroup = 9F7EAC4B29E08DCA0067A47F /* Products */;
			projectDirPath = "";
			projectRoot = "";
			targets = (
				9F7EAC4929E08DCA0067A47F /* InstagramSwiftUI */,
			);
		};
/* End PBXProject section */

/* Begin PBXResourcesBuildPhase section */
		9F7EAC4829E08DCA0067A47F /* Resources */ = {
			isa = PBXResourcesBuildPhase;
			buildActionMask = 2147483647;
			files = (
				9F7EAC5529E08DCD0067A47F /* Preview Assets.xcassets in Resources */,
				9F7EAC5229E08DCD0067A47F /* Assets.xcassets in Resources */,
				9F5BD9DD29E5C6C100165F82 /* GoogleService-Info.plist in Resources */,
			);
			runOnlyForDeploymentPostprocessing = 0;
		};
/* End PBXResourcesBuildPhase section */

/* Begin PBXSourcesBuildPhase section */
		9F7EAC4629E08DCA0067A47F /* Sources */ = {
			isa = PBXSourcesBuildPhase;
			buildActionMask = 2147483647;
			files = (
				9F262E6829E0FE9E00072C12 /* UserStackView.swift in Sources */,
				9F7EAC7329E095EE0067A47F /* FeedView.swift in Sources */,
				9F7EAC6329E08F6C0067A47F /* ContentView.swift in Sources */,
				9F1C6CB529E488B400757E86 /* RegistrationView.swift in Sources */,
				9F1C6CB929E48F8800757E86 /* CustomTextField.swift in Sources */,
				9F60050129F6E40900D1504E /* ImageUploader.swift in Sources */,
				9F7EAC8129E0B55C0067A47F /* PostGridView.swift in Sources */,
				9F7EAC7529E0961F0067A47F /* ProfileView.swift in Sources */,
				9F7EAC7929E0963E0067A47F /* SearchView.swift in Sources */,
				9F1C6CB729E488C500757E86 /* ResetPasswordView.swift in Sources */,
				9F7EAC4E29E08DCA0067A47F /* InstagramSwiftUIApp.swift in Sources */,
				9F262E6C29E10F3A00072C12 /* ImagePicker.swift in Sources */,
				9F7EAC7B29E0966D0067A47F /* UploadPostView.swift in Sources */,
				9F56454A29E0ED3600D3A3B0 /* ProfileHeaderView.swift in Sources */,
				9F7EAC7129E090DD0067A47F /* MainTabView.swift in Sources */,
				9F7EAC8329E0B7270067A47F /* UserCell.swift in Sources */,
				9F7EAC7F29E0B2F70067A47F /* SearchBar.swift in Sources */,
				9F1C6CBB29E48FA400757E86 /* CustomSecureField.swift in Sources */,
				9F7EAC7729E096320067A47F /* NotificationsView.swift in Sources */,
				9F7EAC7D29E09D140067A47F /* FeedCell.swift in Sources */,
				9F262E6A29E1074200072C12 /* ProfileActionButtonView.swift in Sources */,
				9F6004FF29F6B91500D1504E /* AuthViewModel.swift in Sources */,
				9F7EAC8529E0B7330067A47F /* UserListView.swift in Sources */,
				9F56454829E0E42000D3A3B0 /* NotificationCell.swift in Sources */,
				9F1C6CB329E488A200757E86 /* LoginView.swift in Sources */,
				9F7EAC8729E0C94A0067A47F /* Extensions.swift in Sources */,
			);
			runOnlyForDeploymentPostprocessing = 0;
		};
/* End PBXSourcesBuildPhase section */

/* Begin XCBuildConfiguration section */
		9F7EAC5629E08DCD0067A47F /* Debug */ = {
			isa = XCBuildConfiguration;
			buildSettings = {
				ALWAYS_SEARCH_USER_PATHS = NO;
				CLANG_ANALYZER_NONNULL = YES;
				CLANG_ANALYZER_NUMBER_OBJECT_CONVERSION = YES_AGGRESSIVE;
				CLANG_CXX_LANGUAGE_STANDARD = "gnu++20";
				CLANG_ENABLE_MODULES = YES;
				CLANG_ENABLE_OBJC_ARC = YES;
				CLANG_ENABLE_OBJC_WEAK = YES;
				CLANG_WARN_BLOCK_CAPTURE_AUTORELEASING = YES;
				CLANG_WARN_BOOL_CONVERSION = YES;
				CLANG_WARN_COMMA = YES;
				CLANG_WARN_CONSTANT_CONVERSION = YES;
				CLANG_WARN_DEPRECATED_OBJC_IMPLEMENTATIONS = YES;
				CLANG_WARN_DIRECT_OBJC_ISA_USAGE = YES_ERROR;
				CLANG_WARN_DOCUMENTATION_COMMENTS = YES;
				CLANG_WARN_EMPTY_BODY = YES;
				CLANG_WARN_ENUM_CONVERSION = YES;
				CLANG_WARN_INFINITE_RECURSION = YES;
				CLANG_WARN_INT_CONVERSION = YES;
				CLANG_WARN_NON_LITERAL_NULL_CONVERSION = YES;
				CLANG_WARN_OBJC_IMPLICIT_RETAIN_SELF = YES;
				CLANG_WARN_OBJC_LITERAL_CONVERSION = YES;
				CLANG_WARN_OBJC_ROOT_CLASS = YES_ERROR;
				CLANG_WARN_QUOTED_INCLUDE_IN_FRAMEWORK_HEADER = YES;
				CLANG_WARN_RANGE_LOOP_ANALYSIS = YES;
				CLANG_WARN_STRICT_PROTOTYPES = YES;
				CLANG_WARN_SUSPICIOUS_MOVE = YES;
				CLANG_WARN_UNGUARDED_AVAILABILITY = YES_AGGRESSIVE;
				CLANG_WARN_UNREACHABLE_CODE = YES;
				CLANG_WARN__DUPLICATE_METHOD_MATCH = YES;
				COPY_PHASE_STRIP = NO;
				DEBUG_INFORMATION_FORMAT = dwarf;
				ENABLE_STRICT_OBJC_MSGSEND = YES;
				ENABLE_TESTABILITY = YES;
				GCC_C_LANGUAGE_STANDARD = gnu11;
				GCC_DYNAMIC_NO_PIC = NO;
				GCC_NO_COMMON_BLOCKS = YES;
				GCC_OPTIMIZATION_LEVEL = 0;
				GCC_PREPROCESSOR_DEFINITIONS = (
					"DEBUG=1",
					"$(inherited)",
				);
				GCC_WARN_64_TO_32_BIT_CONVERSION = YES;
				GCC_WARN_ABOUT_RETURN_TYPE = YES_ERROR;
				GCC_WARN_UNDECLARED_SELECTOR = YES;
				GCC_WARN_UNINITIALIZED_AUTOS = YES_AGGRESSIVE;
				GCC_WARN_UNUSED_FUNCTION = YES;
				GCC_WARN_UNUSED_VARIABLE = YES;
				IPHONEOS_DEPLOYMENT_TARGET = 16.2;
				MTL_ENABLE_DEBUG_INFO = INCLUDE_SOURCE;
				MTL_FAST_MATH = YES;
				ONLY_ACTIVE_ARCH = YES;
				SDKROOT = iphoneos;
				SWIFT_ACTIVE_COMPILATION_CONDITIONS = DEBUG;
				SWIFT_OPTIMIZATION_LEVEL = "-Onone";
			};
			name = Debug;
		};
		9F7EAC5729E08DCD0067A47F /* Release */ = {
			isa = XCBuildConfiguration;
			buildSettings = {
				ALWAYS_SEARCH_USER_PATHS = NO;
				CLANG_ANALYZER_NONNULL = YES;
				CLANG_ANALYZER_NUMBER_OBJECT_CONVERSION = YES_AGGRESSIVE;
				CLANG_CXX_LANGUAGE_STANDARD = "gnu++20";
				CLANG_ENABLE_MODULES = YES;
				CLANG_ENABLE_OBJC_ARC = YES;
				CLANG_ENABLE_OBJC_WEAK = YES;
				CLANG_WARN_BLOCK_CAPTURE_AUTORELEASING = YES;
				CLANG_WARN_BOOL_CONVERSION = YES;
				CLANG_WARN_COMMA = YES;
				CLANG_WARN_CONSTANT_CONVERSION = YES;
				CLANG_WARN_DEPRECATED_OBJC_IMPLEMENTATIONS = YES;
				CLANG_WARN_DIRECT_OBJC_ISA_USAGE = YES_ERROR;
				CLANG_WARN_DOCUMENTATION_COMMENTS = YES;
				CLANG_WARN_EMPTY_BODY = YES;
				CLANG_WARN_ENUM_CONVERSION = YES;
				CLANG_WARN_INFINITE_RECURSION = YES;
				CLANG_WARN_INT_CONVERSION = YES;
				CLANG_WARN_NON_LITERAL_NULL_CONVERSION = YES;
				CLANG_WARN_OBJC_IMPLICIT_RETAIN_SELF = YES;
				CLANG_WARN_OBJC_LITERAL_CONVERSION = YES;
				CLANG_WARN_OBJC_ROOT_CLASS = YES_ERROR;
				CLANG_WARN_QUOTED_INCLUDE_IN_FRAMEWORK_HEADER = YES;
				CLANG_WARN_RANGE_LOOP_ANALYSIS = YES;
				CLANG_WARN_STRICT_PROTOTYPES = YES;
				CLANG_WARN_SUSPICIOUS_MOVE = YES;
				CLANG_WARN_UNGUARDED_AVAILABILITY = YES_AGGRESSIVE;
				CLANG_WARN_UNREACHABLE_CODE = YES;
				CLANG_WARN__DUPLICATE_METHOD_MATCH = YES;
				COPY_PHASE_STRIP = NO;
				DEBUG_INFORMATION_FORMAT = "dwarf-with-dsym";
				ENABLE_NS_ASSERTIONS = NO;
				ENABLE_STRICT_OBJC_MSGSEND = YES;
				GCC_C_LANGUAGE_STANDARD = gnu11;
				GCC_NO_COMMON_BLOCKS = YES;
				GCC_WARN_64_TO_32_BIT_CONVERSION = YES;
				GCC_WARN_ABOUT_RETURN_TYPE = YES_ERROR;
				GCC_WARN_UNDECLARED_SELECTOR = YES;
				GCC_WARN_UNINITIALIZED_AUTOS = YES_AGGRESSIVE;
				GCC_WARN_UNUSED_FUNCTION = YES;
				GCC_WARN_UNUSED_VARIABLE = YES;
				IPHONEOS_DEPLOYMENT_TARGET = 16.2;
				MTL_ENABLE_DEBUG_INFO = NO;
				MTL_FAST_MATH = YES;
				SDKROOT = iphoneos;
				SWIFT_COMPILATION_MODE = wholemodule;
				SWIFT_OPTIMIZATION_LEVEL = "-O";
				VALIDATE_PRODUCT = YES;
			};
			name = Release;
		};
		9F7EAC5929E08DCD0067A47F /* Debug */ = {
			isa = XCBuildConfiguration;
			buildSettings = {
				ASSETCATALOG_COMPILER_APPICON_NAME = AppIcon;
				ASSETCATALOG_COMPILER_GLOBAL_ACCENT_COLOR_NAME = AccentColor;
				CODE_SIGN_STYLE = Automatic;
				CURRENT_PROJECT_VERSION = 1;
				DEVELOPMENT_ASSET_PATHS = "\"InstagramSwiftUI/Preview Content\"";
				DEVELOPMENT_TEAM = 8M2SQCVJHP;
				ENABLE_PREVIEWS = YES;
				GENERATE_INFOPLIST_FILE = YES;
				INFOPLIST_KEY_UIApplicationSceneManifest_Generation = YES;
				INFOPLIST_KEY_UIApplicationSupportsIndirectInputEvents = YES;
				INFOPLIST_KEY_UILaunchScreen_Generation = YES;
				INFOPLIST_KEY_UISupportedInterfaceOrientations_iPad = "UIInterfaceOrientationPortrait UIInterfaceOrientationPortraitUpsideDown UIInterfaceOrientationLandscapeLeft UIInterfaceOrientationLandscapeRight";
				INFOPLIST_KEY_UISupportedInterfaceOrientations_iPhone = "UIInterfaceOrientationPortrait UIInterfaceOrientationLandscapeLeft UIInterfaceOrientationLandscapeRight";
				LD_RUNPATH_SEARCH_PATHS = (
					"$(inherited)",
					"@executable_path/Frameworks",
				);
				MARKETING_VERSION = 1.0;
				PRODUCT_BUNDLE_IDENTIFIER = com.leticiamarques.InstagramSwiftUI;
				PRODUCT_NAME = "$(TARGET_NAME)";
				SWIFT_EMIT_LOC_STRINGS = YES;
				SWIFT_VERSION = 5.0;
				TARGETED_DEVICE_FAMILY = "1,2";
			};
			name = Debug;
		};
		9F7EAC5A29E08DCD0067A47F /* Release */ = {
			isa = XCBuildConfiguration;
			buildSettings = {
				ASSETCATALOG_COMPILER_APPICON_NAME = AppIcon;
				ASSETCATALOG_COMPILER_GLOBAL_ACCENT_COLOR_NAME = AccentColor;
				CODE_SIGN_STYLE = Automatic;
				CURRENT_PROJECT_VERSION = 1;
				DEVELOPMENT_ASSET_PATHS = "\"InstagramSwiftUI/Preview Content\"";
				DEVELOPMENT_TEAM = 8M2SQCVJHP;
				ENABLE_PREVIEWS = YES;
				GENERATE_INFOPLIST_FILE = YES;
				INFOPLIST_KEY_UIApplicationSceneManifest_Generation = YES;
				INFOPLIST_KEY_UIApplicationSupportsIndirectInputEvents = YES;
				INFOPLIST_KEY_UILaunchScreen_Generation = YES;
				INFOPLIST_KEY_UISupportedInterfaceOrientations_iPad = "UIInterfaceOrientationPortrait UIInterfaceOrientationPortraitUpsideDown UIInterfaceOrientationLandscapeLeft UIInterfaceOrientationLandscapeRight";
				INFOPLIST_KEY_UISupportedInterfaceOrientations_iPhone = "UIInterfaceOrientationPortrait UIInterfaceOrientationLandscapeLeft UIInterfaceOrientationLandscapeRight";
				LD_RUNPATH_SEARCH_PATHS = (
					"$(inherited)",
					"@executable_path/Frameworks",
				);
				MARKETING_VERSION = 1.0;
				PRODUCT_BUNDLE_IDENTIFIER = com.leticiamarques.InstagramSwiftUI;
				PRODUCT_NAME = "$(TARGET_NAME)";
				SWIFT_EMIT_LOC_STRINGS = YES;
				SWIFT_VERSION = 5.0;
				TARGETED_DEVICE_FAMILY = "1,2";
			};
			name = Release;
		};
/* End XCBuildConfiguration section */

/* Begin XCConfigurationList section */
		9F7EAC4529E08DCA0067A47F /* Build configuration list for PBXProject "InstagramSwiftUI" */ = {
			isa = XCConfigurationList;
			buildConfigurations = (
				9F7EAC5629E08DCD0067A47F /* Debug */,
				9F7EAC5729E08DCD0067A47F /* Release */,
			);
			defaultConfigurationIsVisible = 0;
			defaultConfigurationName = Release;
		};
		9F7EAC5829E08DCD0067A47F /* Build configuration list for PBXNativeTarget "InstagramSwiftUI" */ = {
			isa = XCConfigurationList;
			buildConfigurations = (
				9F7EAC5929E08DCD0067A47F /* Debug */,
				9F7EAC5A29E08DCD0067A47F /* Release */,
			);
			defaultConfigurationIsVisible = 0;
			defaultConfigurationName = Release;
		};
/* End XCConfigurationList section */

/* Begin XCRemoteSwiftPackageReference section */
		9F5BD9CD29E5C22D00165F82 /* XCRemoteSwiftPackageReference "firebase-ios-sdk" */ = {
			isa = XCRemoteSwiftPackageReference;
			repositoryURL = "https://github.com/firebase/firebase-ios-sdk.git";
			requirement = {
				kind = upToNextMajorVersion;
				minimumVersion = 9.0.0;
			};
		};
		9F5BD9D829E5C40400165F82 /* XCRemoteSwiftPackageReference "Kingfisher" */ = {
			isa = XCRemoteSwiftPackageReference;
			repositoryURL = "https://github.com/onevcat/Kingfisher.git";
			requirement = {
				kind = upToNextMajorVersion;
				minimumVersion = 7.0.0;
			};
		};
/* End XCRemoteSwiftPackageReference section */

/* Begin XCSwiftPackageProductDependency section */
		9F5BD9CE29E5C22D00165F82 /* FirebaseAuth */ = {
			isa = XCSwiftPackageProductDependency;
			package = 9F5BD9CD29E5C22D00165F82 /* XCRemoteSwiftPackageReference "firebase-ios-sdk" */;
			productName = FirebaseAuth;
		};
		9F5BD9D029E5C22D00165F82 /* FirebaseFirestore */ = {
			isa = XCSwiftPackageProductDependency;
			package = 9F5BD9CD29E5C22D00165F82 /* XCRemoteSwiftPackageReference "firebase-ios-sdk" */;
			productName = FirebaseFirestore;
		};
		9F5BD9D229E5C22D00165F82 /* FirebaseFunctions */ = {
			isa = XCSwiftPackageProductDependency;
			package = 9F5BD9CD29E5C22D00165F82 /* XCRemoteSwiftPackageReference "firebase-ios-sdk" */;
			productName = FirebaseFunctions;
		};
		9F5BD9D429E5C22D00165F82 /* FirebaseMessaging */ = {
			isa = XCSwiftPackageProductDependency;
			package = 9F5BD9CD29E5C22D00165F82 /* XCRemoteSwiftPackageReference "firebase-ios-sdk" */;
			productName = FirebaseMessaging;
		};
		9F5BD9D629E5C22D00165F82 /* FirebaseStorage */ = {
			isa = XCSwiftPackageProductDependency;
			package = 9F5BD9CD29E5C22D00165F82 /* XCRemoteSwiftPackageReference "firebase-ios-sdk" */;
			productName = FirebaseStorage;
		};
		9F5BD9DA29E5C56800165F82 /* Kingfisher */ = {
			isa = XCSwiftPackageProductDependency;
			package = 9F5BD9D829E5C40400165F82 /* XCRemoteSwiftPackageReference "Kingfisher" */;
			productName = Kingfisher;
		};
/* End XCSwiftPackageProductDependency section */
	};
	rootObject = 9F7EAC4229E08DCA0067A47F /* Project object */;
}
